
Microsoft Visual Studio Solution File, Format Version 12.00
# Visual Studio Version 17
VisualStudioVersion = 17.1.32210.238
MinimumVisualStudioVersion = 10.0.40219.1
Project("{9A19103F-16F7-4668-BE54-9A1E7A4F7556}") = "DryIocEx.Prism", "DryIocEx.Prism\DryIocEx.Prism.csproj", "{4AB674E5-F23B-43FA-8540-C580B5B7E6C1}"
EndProject
Project("{9A19103F-16F7-4668-BE54-9A1E7A4F7556}") = "DryIocEx.Core", "DryIocEx.Core\DryIocEx.Core.csproj", "{CA897EE9-9F9B-4C06-8F7F-9665E5B8A6AC}"
EndProject
Project("{9A19103F-16F7-4668-BE54-9A1E7A4F7556}") = "DryIoc", "DryIoc\DryIoc.csproj", "{1AA2868E-B2C0-4287-99B6-65D9A4CB01BB}"
EndProject
Project("{9A19103F-16F7-4668-BE54-9A1E7A4F7556}") = "DryIoc.AzureFunctions", "DryIoc.AzureFunctions\DryIoc.AzureFunctions.csproj", "{60CDAF00-1781-4AAA-ABDA-F9A910F327FE}"
EndProject
Project("{9A19103F-16F7-4668-BE54-9A1E7A4F7556}") = "DryIoc.CommonServiceLocator", "DryIoc.CommonServiceLocator\DryIoc.CommonServiceLocator.csproj", "{E2507B3D-E39C-453F-BE66-675F1A197F01}"
EndProject
Project("{9A19103F-16F7-4668-BE54-9A1E7A4F7556}") = "DryIoc.MefAttributedModel", "DryIoc.MefAttributedModel\DryIoc.MefAttributedModel.csproj", "{23A18E0F-B751-4E50-9944-A8440E3E3EF7}"
EndProject
Project("{9A19103F-16F7-4668-BE54-9A1E7A4F7556}") = "DryIoc.Microsoft.DependencyInjection", "DryIoc.Microsoft.DependencyInjection\DryIoc.Microsoft.DependencyInjection.csproj", "{FBB28A8A-D005-4602-8717-512FC8FEE8AE}"
EndProject
Project("{9A19103F-16F7-4668-BE54-9A1E7A4F7556}") = "DryIoc.Mvc", "DryIoc.Mvc\DryIoc.Mvc.csproj", "{5FFD607D-FD0C-4687-9217-F9CD562556A5}"
EndProject
Project("{9A19103F-16F7-4668-BE54-9A1E7A4F7556}") = "DryIoc.Owin", "DryIoc.Owin\DryIoc.Owin.csproj", "{ADB2B6AF-85C0-4A00-89CA-1882B5663360}"
EndProject
Project("{9A19103F-16F7-4668-BE54-9A1E7A4F7556}") = "DryIoc.SignalR", "DryIoc.SignalR\DryIoc.SignalR.csproj", "{1954CCA2-A93B-4B3D-9EF8-46B791C381D2}"
EndProject
Project("{9A19103F-16F7-4668-BE54-9A1E7A4F7556}") = "DryIoc.Syntax.Autofac", "DryIoc.Syntax.Autofac\DryIoc.Syntax.Autofac.csproj", "{AC83110C-2CF4-4C60-AD52-7F5C8CC43266}"
EndProject
Project("{9A19103F-16F7-4668-BE54-9A1E7A4F7556}") = "DryIoc.Syntax.Ninject", "DryIoc.Syntax.Ninject\DryIoc.Syntax.Ninject.csproj", "{F3220444-48A2-42E4-B357-E447E3AC7706}"
EndProject
Project("{9A19103F-16F7-4668-BE54-9A1E7A4F7556}") = "DryIoc.Syntax.Ninject.Web.Common", "DryIoc.Syntax.Ninject.Web.Common\DryIoc.Syntax.Ninject.Web.Common.csproj", "{80D8E815-52DA-4F6E-B598-DA4C97F15B7A}"
EndProject
Project("{9A19103F-16F7-4668-BE54-9A1E7A4F7556}") = "DryIoc.Web", "DryIoc.Web\DryIoc.Web.csproj", "{8BE00E9B-3F9E-4601-90A6-546D64C472FF}"
EndProject
Project("{9A19103F-16F7-4668-BE54-9A1E7A4F7556}") = "DryIoc.WebApi", "DryIoc.WebApi\DryIoc.WebApi.csproj", "{6B46383E-5C6C-4149-86BC-427040B43627}"
EndProject
Project("{9A19103F-16F7-4668-BE54-9A1E7A4F7556}") = "DryIoc.WebApi.Owin", "DryIoc.WebApi.Owin\DryIoc.WebApi.Owin.csproj", "{38F8A819-5C33-46D4-883F-26C14E28D696}"
EndProject
Project("{9A19103F-16F7-4668-BE54-9A1E7A4F7556}") = "DryIocAttributes", "DryIocAttributes\DryIocAttributes.csproj", "{F1FDC1A9-AF3D-4CA5-B5D6-E5447696BC97}"
EndProject
Global
	GlobalSection(SolutionConfigurationPlatforms) = preSolution
		Debug|Any CPU = Debug|Any CPU
		NET48|Any CPU = NET48|Any CPU
		Release|Any CPU = Release|Any CPU
	EndGlobalSection
	GlobalSection(ProjectConfigurationPlatforms) = postSolution
		{4AB674E5-F23B-43FA-8540-C580B5B7E6C1}.Debug|Any CPU.ActiveCfg = Debug|Any CPU
		{4AB674E5-F23B-43FA-8540-C580B5B7E6C1}.Debug|Any CPU.Build.0 = Debug|Any CPU
		{4AB674E5-F23B-43FA-8540-C580B5B7E6C1}.NET48|Any CPU.ActiveCfg = Debug|Any CPU
		{4AB674E5-F23B-43FA-8540-C580B5B7E6C1}.NET48|Any CPU.Build.0 = Debug|Any CPU
		{4AB674E5-F23B-43FA-8540-C580B5B7E6C1}.Release|Any CPU.ActiveCfg = Release|Any CPU
		{4AB674E5-F23B-43FA-8540-C580B5B7E6C1}.Release|Any CPU.Build.0 = Release|Any CPU
		{CA897EE9-9F9B-4C06-8F7F-9665E5B8A6AC}.Debug|Any CPU.ActiveCfg = Debug|Any CPU
		{CA897EE9-9F9B-4C06-8F7F-9665E5B8A6AC}.Debug|Any CPU.Build.0 = Debug|Any CPU
		{CA897EE9-9F9B-4C06-8F7F-9665E5B8A6AC}.NET48|Any CPU.ActiveCfg = Debug|Any CPU
		{CA897EE9-9F9B-4C06-8F7F-9665E5B8A6AC}.NET48|Any CPU.Build.0 = Debug|Any CPU
		{CA897EE9-9F9B-4C06-8F7F-9665E5B8A6AC}.Release|Any CPU.ActiveCfg = Release|Any CPU
		{CA897EE9-9F9B-4C06-8F7F-9665E5B8A6AC}.Release|Any CPU.Build.0 = Release|Any CPU
		{1AA2868E-B2C0-4287-99B6-65D9A4CB01BB}.Debug|Any CPU.ActiveCfg = Debug|Any CPU
		{1AA2868E-B2C0-4287-99B6-65D9A4CB01BB}.Debug|Any CPU.Build.0 = Debug|Any CPU
		{1AA2868E-B2C0-4287-99B6-65D9A4CB01BB}.NET48|Any CPU.ActiveCfg = Debug|Any CPU
		{1AA2868E-B2C0-4287-99B6-65D9A4CB01BB}.NET48|Any CPU.Build.0 = Debug|Any CPU
		{1AA2868E-B2C0-4287-99B6-65D9A4CB01BB}.Release|Any CPU.ActiveCfg = Release|Any CPU
		{1AA2868E-B2C0-4287-99B6-65D9A4CB01BB}.Release|Any CPU.Build.0 = Release|Any CPU
		{60CDAF00-1781-4AAA-ABDA-F9A910F327FE}.Debug|Any CPU.ActiveCfg = Debug|Any CPU
		{60CDAF00-1781-4AAA-ABDA-F9A910F327FE}.Debug|Any CPU.Build.0 = Debug|Any CPU
		{60CDAF00-1781-4AAA-ABDA-F9A910F327FE}.NET48|Any CPU.ActiveCfg = Debug|Any CPU
		{60CDAF00-1781-4AAA-ABDA-F9A910F327FE}.NET48|Any CPU.Build.0 = Debug|Any CPU
		{60CDAF00-1781-4AAA-ABDA-F9A910F327FE}.Release|Any CPU.ActiveCfg = Release|Any CPU
		{60CDAF00-1781-4AAA-ABDA-F9A910F327FE}.Release|Any CPU.Build.0 = Release|Any CPU
		{E2507B3D-E39C-453F-BE66-675F1A197F01}.Debug|Any CPU.ActiveCfg = Debug|Any CPU
		{E2507B3D-E39C-453F-BE66-675F1A197F01}.Debug|Any CPU.Build.0 = Debug|Any CPU
		{E2507B3D-E39C-453F-BE66-675F1A197F01}.NET48|Any CPU.ActiveCfg = Debug|Any CPU
		{E2507B3D-E39C-453F-BE66-675F1A197F01}.NET48|Any CPU.Build.0 = Debug|Any CPU
		{E2507B3D-E39C-453F-BE66-675F1A197F01}.Release|Any CPU.ActiveCfg = Release|Any CPU
		{E2507B3D-E39C-453F-BE66-675F1A197F01}.Release|Any CPU.Build.0 = Release|Any CPU
		{23A18E0F-B751-4E50-9944-A8440E3E3EF7}.Debug|Any CPU.ActiveCfg = Debug|Any CPU
		{23A18E0F-B751-4E50-9944-A8440E3E3EF7}.Debug|Any CPU.Build.0 = Debug|Any CPU
		{23A18E0F-B751-4E50-9944-A8440E3E3EF7}.NET48|Any CPU.ActiveCfg = Debug|Any CPU
		{23A18E0F-B751-4E50-9944-A8440E3E3EF7}.NET48|Any CPU.Build.0 = Debug|Any CPU
		{23A18E0F-B751-4E50-9944-A8440E3E3EF7}.Release|Any CPU.ActiveCfg = Release|Any CPU
		{23A18E0F-B751-4E50-9944-A8440E3E3EF7}.Release|Any CPU.Build.0 = Release|Any CPU
		{FBB28A8A-D005-4602-8717-512FC8FEE8AE}.Debug|Any CPU.ActiveCfg = Debug|Any CPU
		{FBB28A8A-D005-4602-8717-512FC8FEE8AE}.Debug|Any CPU.Build.0 = Debug|Any CPU
		{FBB28A8A-D005-4602-8717-512FC8FEE8AE}.NET48|Any CPU.ActiveCfg = Debug|Any CPU
		{FBB28A8A-D005-4602-8717-512FC8FEE8AE}.NET48|Any CPU.Build.0 = Debug|Any CPU
		{FBB28A8A-D005-4602-8717-512FC8FEE8AE}.Release|Any CPU.ActiveCfg = Release|Any CPU
		{FBB28A8A-D005-4602-8717-512FC8FEE8AE}.Release|Any CPU.Build.0 = Release|Any CPU
		{5FFD607D-FD0C-4687-9217-F9CD562556A5}.Debug|Any CPU.ActiveCfg = Debug|Any CPU
		{5FFD607D-FD0C-4687-9217-F9CD562556A5}.Debug|Any CPU.Build.0 = Debug|Any CPU
		{5FFD607D-FD0C-4687-9217-F9CD562556A5}.NET48|Any CPU.ActiveCfg = Debug|Any CPU
		{5FFD607D-FD0C-4687-9217-F9CD562556A5}.NET48|Any CPU.Build.0 = Debug|Any CPU
		{5FFD607D-FD0C-4687-9217-F9CD562556A5}.Release|Any CPU.ActiveCfg = Release|Any CPU
		{5FFD607D-FD0C-4687-9217-F9CD562556A5}.Release|Any CPU.Build.0 = Release|Any CPU
		{ADB2B6AF-85C0-4A00-89CA-1882B5663360}.Debug|Any CPU.ActiveCfg = Debug|Any CPU
		{ADB2B6AF-85C0-4A00-89CA-1882B5663360}.Debug|Any CPU.Build.0 = Debug|Any CPU
		{ADB2B6AF-85C0-4A00-89CA-1882B5663360}.NET48|Any CPU.ActiveCfg = Debug|Any CPU
		{ADB2B6AF-85C0-4A00-89CA-1882B5663360}.NET48|Any CPU.Build.0 = Debug|Any CPU
		{ADB2B6AF-85C0-4A00-89CA-1882B5663360}.Release|Any CPU.ActiveCfg = Release|Any CPU
		{ADB2B6AF-85C0-4A00-89CA-1882B5663360}.Release|Any CPU.Build.0 = Release|Any CPU
		{1954CCA2-A93B-4B3D-9EF8-46B791C381D2}.Debug|Any CPU.ActiveCfg = Debug|Any CPU
		{1954CCA2-A93B-4B3D-9EF8-46B791C381D2}.Debug|Any CPU.Build.0 = Debug|Any CPU
		{1954CCA2-A93B-4B3D-9EF8-46B791C381D2}.NET48|Any CPU.ActiveCfg = Debug|Any CPU
		{1954CCA2-A93B-4B3D-9EF8-46B791C381D2}.NET48|Any CPU.Build.0 = Debug|Any CPU
		{1954CCA2-A93B-4B3D-9EF8-46B791C381D2}.Release|Any CPU.ActiveCfg = Release|Any CPU
		{1954CCA2-A93B-4B3D-9EF8-46B791C381D2}.Release|Any CPU.Build.0 = Release|Any CPU
		{AC83110C-2CF4-4C60-AD52-7F5C8CC43266}.Debug|Any CPU.ActiveCfg = Debug|Any CPU
		{AC83110C-2CF4-4C60-AD52-7F5C8CC43266}.Debug|Any CPU.Build.0 = Debug|Any CPU
		{AC83110C-2CF4-4C60-AD52-7F5C8CC43266}.NET48|Any CPU.ActiveCfg = Debug|Any CPU
		{AC83110C-2CF4-4C60-AD52-7F5C8CC43266}.NET48|Any CPU.Build.0 = Debug|Any CPU
		{AC83110C-2CF4-4C60-AD52-7F5C8CC43266}.Release|Any CPU.ActiveCfg = Release|Any CPU
		{AC83110C-2CF4-4C60-AD52-7F5C8CC43266}.Release|Any CPU.Build.0 = Release|Any CPU
		{F3220444-48A2-42E4-B357-E447E3AC7706}.Debug|Any CPU.ActiveCfg = Debug|Any CPU
		{F3220444-48A2-42E4-B357-E447E3AC7706}.Debug|Any CPU.Build.0 = Debug|Any CPU
		{F3220444-48A2-42E4-B357-E447E3AC7706}.NET48|Any CPU.ActiveCfg = Debug|Any CPU
		{F3220444-48A2-42E4-B357-E447E3AC7706}.NET48|Any CPU.Build.0 = Debug|Any CPU
		{F3220444-48A2-42E4-B357-E447E3AC7706}.Release|Any CPU.ActiveCfg = Release|Any CPU
		{F3220444-48A2-42E4-B357-E447E3AC7706}.Release|Any CPU.Build.0 = Release|Any CPU
		{80D8E815-52DA-4F6E-B598-DA4C97F15B7A}.Debug|Any CPU.ActiveCfg = Debug|Any CPU
		{80D8E815-52DA-4F6E-B598-DA4C97F15B7A}.Debug|Any CPU.Build.0 = Debug|Any CPU
		{80D8E815-52DA-4F6E-B598-DA4C97F15B7A}.NET48|Any CPU.ActiveCfg = Debug|Any CPU
		{80D8E815-52DA-4F6E-B598-DA4C97F15B7A}.NET48|Any CPU.Build.0 = Debug|Any CPU
		{80D8E815-52DA-4F6E-B598-DA4C97F15B7A}.Release|Any CPU.ActiveCfg = Release|Any CPU
		{80D8E815-52DA-4F6E-B598-DA4C97F15B7A}.Release|Any CPU.Build.0 = Release|Any CPU
		{8BE00E9B-3F9E-4601-90A6-546D64C472FF}.Debug|Any CPU.ActiveCfg = Debug|Any CPU
		{8BE00E9B-3F9E-4601-90A6-546D64C472FF}.Debug|Any CPU.Build.0 = Debug|Any CPU
		{8BE00E9B-3F9E-4601-90A6-546D64C472FF}.NET48|Any CPU.ActiveCfg = Debug|Any CPU
		{8BE00E9B-3F9E-4601-90A6-546D64C472FF}.NET48|Any CPU.Build.0 = Debug|Any CPU
		{8BE00E9B-3F9E-4601-90A6-546D64C472FF}.Release|Any CPU.ActiveCfg = Release|Any CPU
		{8BE00E9B-3F9E-4601-90A6-546D64C472FF}.Release|Any CPU.Build.0 = Release|Any CPU
		{6B46383E-5C6C-4149-86BC-427040B43627}.Debug|Any CPU.ActiveCfg = Debug|Any CPU
		{6B46383E-5C6C-4149-86BC-427040B43627}.Debug|Any CPU.Build.0 = Debug|Any CPU
		{6B46383E-5C6C-4149-86BC-427040B43627}.NET48|Any CPU.ActiveCfg = Debug|Any CPU
		{6B46383E-5C6C-4149-86BC-427040B43627}.NET48|Any CPU.Build.0 = Debug|Any CPU
		{6B46383E-5C6C-4149-86BC-427040B43627}.Release|Any CPU.ActiveCfg = Release|Any CPU
		{6B46383E-5C6C-4149-86BC-427040B43627}.Release|Any CPU.Build.0 = Release|Any CPU
		{38F8A819-5C33-46D4-883F-26C14E28D696}.Debug|Any CPU.ActiveCfg = Debug|Any CPU
		{38F8A819-5C33-46D4-883F-26C14E28D696}.Debug|Any CPU.Build.0 = Debug|Any CPU
		{38F8A819-5C33-46D4-883F-26C14E28D696}.NET48|Any CPU.ActiveCfg = Debug|Any CPU
		{38F8A819-5C33-46D4-883F-26C14E28D696}.NET48|Any CPU.Build.0 = Debug|Any CPU
		{38F8A819-5C33-46D4-883F-26C14E28D696}.Release|Any CPU.ActiveCfg = Release|Any CPU
		{38F8A819-5C33-46D4-883F-26C14E28D696}.Release|Any CPU.Build.0 = Release|Any CPU
		{F1FDC1A9-AF3D-4CA5-B5D6-E5447696BC97}.Debug|Any CPU.ActiveCfg = Debug|Any CPU
		{F1FDC1A9-AF3D-4CA5-B5D6-E5447696BC97}.Debug|Any CPU.Build.0 = Debug|Any CPU
		{F1FDC1A9-AF3D-4CA5-B5D6-E5447696BC97}.NET48|Any CPU.ActiveCfg = Debug|Any CPU
		{F1FDC1A9-AF3D-4CA5-B5D6-E5447696BC97}.NET48|Any CPU.Build.0 = Debug|Any CPU
		{F1FDC1A9-AF3D-4CA5-B5D6-E5447696BC97}.Release|Any CPU.ActiveCfg = Release|Any CPU
		{F1FDC1A9-AF3D-4CA5-B5D6-E5447696BC97}.Release|Any CPU.Build.0 = Release|Any CPU
	EndGlobalSection
	GlobalSection(SolutionProperties) = preSolution
		HideSolutionNode = FALSE
	EndGlobalSection
	GlobalSection(ExtensibilityGlobals) = postSolution
		SolutionGuid = {1644461D-D2DA-4031-AFB0-BD559B9FC4C3}
	EndGlobalSection
EndGlobal
